
Microsoft Visual Studio Solution File, Format Version 12.00
# Visual Studio Version 17
VisualStudioVersion = 17.1.32328.378
MinimumVisualStudioVersion = 10.0.40219.1
Project("{9A19103F-16F7-4668-BE54-9A1E7A4F7556}") = "MinimalAPI", "MinimalAPI\MinimalAPI.csproj", "{8CF5ADB6-B567-4D82-A653-C9080ED793DF}"
EndProject
Project("{FAE04EC0-301F-11D3-BF4B-00C04F79EFBC}") = "MinimalAPI_Tests", "MinimalAPI_Tests\MinimalAPI_Tests.csproj", "{B2BA0CE5-8069-473F-92C3-2A4283E7346C}"
EndProject
Global
	GlobalSection(SolutionConfigurationPlatforms) = preSolution
		Debug|Any CPU = Debug|Any CPU
		Release|Any CPU = Release|Any CPU
	EndGlobalSection
	GlobalSection(ProjectConfigurationPlatforms) = postSolution
		{8CF5ADB6-B567-4D82-A653-C9080ED793DF}.Debug|Any CPU.ActiveCfg = Debug|Any CPU
		{8CF5ADB6-B567-4D82-A653-C9080ED793DF}.Debug|Any CPU.Build.0 = Debug|Any CPU
		{8CF5ADB6-B567-4D82-A653-C9080ED793DF}.Release|Any CPU.ActiveCfg = Release|Any CPU
		{8CF5ADB6-B567-4D82-A653-C9080ED793DF}.Release|Any CPU.Build.0 = Release|Any CPU
		{B2BA0CE5-8069-473F-92C3-2A4283E7346C}.Debug|Any CPU.ActiveCfg = Debug|Any CPU
		{B2BA0CE5-8069-473F-92C3-2A4283E7346C}.Debug|Any CPU.Build.0 = Debug|Any CPU
		{B2BA0CE5-8069-473F-92C3-2A4283E7346C}.Release|Any CPU.ActiveCfg = Release|Any CPU
		{B2BA0CE5-8069-473F-92C3-2A4283E7346C}.Release|Any CPU.Build.0 = Release|Any CPU
	EndGlobalSection
	GlobalSection(SolutionProperties) = preSolution
		HideSolutionNode = FALSE
	EndGlobalSection
	GlobalSection(ExtensibilityGlobals) = postSolution
		SolutionGuid = {3862651E-4C05-4E48-8D24-8BC98E66FB7C}
	EndGlobalSection
EndGlobal
